
Microsoft Visual Studio Solution File, Format Version 12.00
# Visual Studio Version 17
VisualStudioVersion = 17.8.34330.188
MinimumVisualStudioVersion = 10.0.40219.1
Project("{FAE04EC0-301F-11D3-BF4B-00C04F79EFBC}") = "Player and Team Project", "Player and Team Project\Player and Team Project.csproj", "{6CAEFC08-A66C-4822-9224-546D9E5442BF}"
EndProject
Global
	GlobalSection(SolutionConfigurationPlatforms) = preSolution
		Debug|Any CPU = Debug|Any CPU
		Release|Any CPU = Release|Any CPU
	EndGlobalSection
	GlobalSection(ProjectConfigurationPlatforms) = postSolution
		{6CAEFC08-A66C-4822-9224-546D9E5442BF}.Debug|Any CPU.ActiveCfg = Debug|Any CPU
		{6CAEFC08-A66C-4822-9224-546D9E5442BF}.Debug|Any CPU.Build.0 = Debug|Any CPU
		{6CAEFC08-A66C-4822-9224-546D9E5442BF}.Release|Any CPU.ActiveCfg = Release|Any CPU
		{6CAEFC08-A66C-4822-9224-546D9E5442BF}.Release|Any CPU.Build.0 = Release|Any CPU
	EndGlobalSection
	GlobalSection(SolutionProperties) = preSolution
		HideSolutionNode = FALSE
	EndGlobalSection
	GlobalSection(ExtensibilityGlobals) = postSolution
		SolutionGuid = {67EF6C2E-6B85-4DED-A4E1-673CA18DBD4C}
	EndGlobalSection
EndGlobal
